// !$*UTF8*$!
{
	archiveVersion = 1;
	classes = {
	};
	objectVersion = 51;
	objects = {

/* Begin PBXBuildFile section */
		9AFDF8BC8103F41E6CB63C26 /* Pods_Collections.framework in Frameworks */ = {isa = PBXBuildFile; fileRef = 5DBF61CC394D2BA5A330A056 /* Pods_Collections.framework */; };
		A454D8AA244C53CE003EFF28 /* AppDelegate.swift in Sources */ = {isa = PBXBuildFile; fileRef = A454D8A9244C53CE003EFF28 /* AppDelegate.swift */; };
		A454D8AE244C53CE003EFF28 /* CollectionTableController.swift in Sources */ = {isa = PBXBuildFile; fileRef = A454D8AD244C53CE003EFF28 /* CollectionTableController.swift */; };
		A454D8B1244C53CE003EFF28 /* Main.storyboard in Resources */ = {isa = PBXBuildFile; fileRef = A454D8AF244C53CE003EFF28 /* Main.storyboard */; };
		A454D8B3244C53CE003EFF28 /* Assets.xcassets in Resources */ = {isa = PBXBuildFile; fileRef = A454D8B2244C53CE003EFF28 /* Assets.xcassets */; };
		A454D8B6244C53CE003EFF28 /* LaunchScreen.storyboard in Resources */ = {isa = PBXBuildFile; fileRef = A454D8B4244C53CE003EFF28 /* LaunchScreen.storyboard */; };
		A454D8BE244C6929003EFF28 /* GoogleService-Info.plist in Resources */ = {isa = PBXBuildFile; fileRef = A454D8BD244C6929003EFF28 /* GoogleService-Info.plist */; };
		A454D8E0244C6AF4003EFF28 /* SceneDelegate.swift in Sources */ = {isa = PBXBuildFile; fileRef = A454D8DF244C6AF4003EFF28 /* SceneDelegate.swift */; };
		A4665BB424596EF800951DC6 /* AddCollectionController.swift in Sources */ = {isa = PBXBuildFile; fileRef = A4665BB224596EF800951DC6 /* AddCollectionController.swift */; };
		A4665BB524596EF800951DC6 /* EditCollectionController.swift in Sources */ = {isa = PBXBuildFile; fileRef = A4665BB324596EF800951DC6 /* EditCollectionController.swift */; };
		A46C11CC244DA89100E78174 /* CollectionTableViewDataSource.swift in Sources */ = {isa = PBXBuildFile; fileRef = A46C11CB244DA89100E78174 /* CollectionTableViewDataSource.swift */; };
		A46C11D0244DAA9D00E78174 /* Collection.swift in Sources */ = {isa = PBXBuildFile; fileRef = A46C11CD244DAA9D00E78174 /* Collection.swift */; };
		A46C11D1244DAA9D00E78174 /* Item.swift in Sources */ = {isa = PBXBuildFile; fileRef = A46C11CE244DAA9D00E78174 /* Item.swift */; };
		A46C11D2244DAA9D00E78174 /* User.swift in Sources */ = {isa = PBXBuildFile; fileRef = A46C11CF244DAA9D00E78174 /* User.swift */; };
		A46C11D5244EC82400E78174 /* Firestore+Populate.swift in Sources */ = {isa = PBXBuildFile; fileRef = A46C11D4244EC82400E78174 /* Firestore+Populate.swift */; };
		A46C11D8244EC95A00E78174 /* Utils.swift in Sources */ = {isa = PBXBuildFile; fileRef = A46C11D7244EC95A00E78174 /* Utils.swift */; };
		A46C11DB244EC9FE00E78174 /* ItemTableViewDataSource.swift in Sources */ = {isa = PBXBuildFile; fileRef = A46C11D9244EC9FE00E78174 /* ItemTableViewDataSource.swift */; };
		A46C11DC244EC9FE00E78174 /* LocalCollection.swift in Sources */ = {isa = PBXBuildFile; fileRef = A46C11DA244EC9FE00E78174 /* LocalCollection.swift */; };
		A46C11E1244ECBE400E78174 /* CollectionCell.swift in Sources */ = {isa = PBXBuildFile; fileRef = A46C11DF244ECBE400E78174 /* CollectionCell.swift */; };
		A46C11F5244ECDB300E78174 /* ItemTableController.swift in Sources */ = {isa = PBXBuildFile; fileRef = A46C11F0244ECDB300E78174 /* ItemTableController.swift */; };
		A46C11F6244ECDB300E78174 /* AddItemController.swift in Sources */ = {isa = PBXBuildFile; fileRef = A46C11F1244ECDB300E78174 /* AddItemController.swift */; };
		A46C11F8244ECDB300E78174 /* ItemCell.swift in Sources */ = {isa = PBXBuildFile; fileRef = A46C11F3244ECDB300E78174 /* ItemCell.swift */; };
		A478E95124559AD6003F32B9 /* AlertService.swift in Sources */ = {isa = PBXBuildFile; fileRef = A478E95024559AD6003F32B9 /* AlertService.swift */; };
/* End PBXBuildFile section */

/* Begin PBXFileReference section */
		50D9134E3ED8574557366377 /* Pods-Collections.debug.xcconfig */ = {isa = PBXFileReference; includeInIndex = 1; lastKnownFileType = text.xcconfig; name = "Pods-Collections.debug.xcconfig"; path = "Target Support Files/Pods-Collections/Pods-Collections.debug.xcconfig"; sourceTree = "<group>"; };
		5DBF61CC394D2BA5A330A056 /* Pods_Collections.framework */ = {isa = PBXFileReference; explicitFileType = wrapper.framework; includeInIndex = 0; path = Pods_Collections.framework; sourceTree = BUILT_PRODUCTS_DIR; };
		651DF9427864673B6D77CD00 /* Pods-Collections.release.xcconfig */ = {isa = PBXFileReference; includeInIndex = 1; lastKnownFileType = text.xcconfig; name = "Pods-Collections.release.xcconfig"; path = "Target Support Files/Pods-Collections/Pods-Collections.release.xcconfig"; sourceTree = "<group>"; };
		A454D8A6244C53CE003EFF28 /* Collections.app */ = {isa = PBXFileReference; explicitFileType = wrapper.application; includeInIndex = 0; path = Collections.app; sourceTree = BUILT_PRODUCTS_DIR; };
		A454D8A9244C53CE003EFF28 /* AppDelegate.swift */ = {isa = PBXFileReference; lastKnownFileType = sourcecode.swift; path = AppDelegate.swift; sourceTree = "<group>"; };
		A454D8AD244C53CE003EFF28 /* CollectionTableController.swift */ = {isa = PBXFileReference; lastKnownFileType = sourcecode.swift; path = CollectionTableController.swift; sourceTree = "<group>"; };
		A454D8B0244C53CE003EFF28 /* Base */ = {isa = PBXFileReference; lastKnownFileType = file.storyboard; name = Base; path = Base.lproj/Main.storyboard; sourceTree = "<group>"; };
		A454D8B2244C53CE003EFF28 /* Assets.xcassets */ = {isa = PBXFileReference; lastKnownFileType = folder.assetcatalog; path = Assets.xcassets; sourceTree = "<group>"; };
		A454D8B5244C53CE003EFF28 /* Base */ = {isa = PBXFileReference; lastKnownFileType = file.storyboard; name = Base; path = Base.lproj/LaunchScreen.storyboard; sourceTree = "<group>"; };
		A454D8B7244C53CE003EFF28 /* Info.plist */ = {isa = PBXFileReference; lastKnownFileType = text.plist.xml; path = Info.plist; sourceTree = "<group>"; };
		A454D8BD244C6929003EFF28 /* GoogleService-Info.plist */ = {isa = PBXFileReference; fileEncoding = 4; lastKnownFileType = text.plist.xml; path = "GoogleService-Info.plist"; sourceTree = "<group>"; };
		A454D8DF244C6AF4003EFF28 /* SceneDelegate.swift */ = {isa = PBXFileReference; fileEncoding = 4; lastKnownFileType = sourcecode.swift; path = SceneDelegate.swift; sourceTree = "<group>"; };
		A4665BB224596EF800951DC6 /* AddCollectionController.swift */ = {isa = PBXFileReference; fileEncoding = 4; lastKnownFileType = sourcecode.swift; path = AddCollectionController.swift; sourceTree = "<group>"; };
		A4665BB324596EF800951DC6 /* EditCollectionController.swift */ = {isa = PBXFileReference; fileEncoding = 4; lastKnownFileType = sourcecode.swift; path = EditCollectionController.swift; sourceTree = "<group>"; };
		A46C11CB244DA89100E78174 /* CollectionTableViewDataSource.swift */ = {isa = PBXFileReference; fileEncoding = 4; lastKnownFileType = sourcecode.swift; path = CollectionTableViewDataSource.swift; sourceTree = "<group>"; };
		A46C11CD244DAA9D00E78174 /* Collection.swift */ = {isa = PBXFileReference; fileEncoding = 4; lastKnownFileType = sourcecode.swift; path = Collection.swift; sourceTree = "<group>"; };
		A46C11CE244DAA9D00E78174 /* Item.swift */ = {isa = PBXFileReference; fileEncoding = 4; lastKnownFileType = sourcecode.swift; path = Item.swift; sourceTree = "<group>"; };
		A46C11CF244DAA9D00E78174 /* User.swift */ = {isa = PBXFileReference; fileEncoding = 4; lastKnownFileType = sourcecode.swift; path = User.swift; sourceTree = "<group>"; };
		A46C11D4244EC82400E78174 /* Firestore+Populate.swift */ = {isa = PBXFileReference; lastKnownFileType = sourcecode.swift; path = "Firestore+Populate.swift"; sourceTree = "<group>"; };
		A46C11D7244EC95A00E78174 /* Utils.swift */ = {isa = PBXFileReference; lastKnownFileType = sourcecode.swift; path = Utils.swift; sourceTree = "<group>"; };
		A46C11D9244EC9FE00E78174 /* ItemTableViewDataSource.swift */ = {isa = PBXFileReference; fileEncoding = 4; lastKnownFileType = sourcecode.swift; path = ItemTableViewDataSource.swift; sourceTree = "<group>"; };
		A46C11DA244EC9FE00E78174 /* LocalCollection.swift */ = {isa = PBXFileReference; fileEncoding = 4; lastKnownFileType = sourcecode.swift; path = LocalCollection.swift; sourceTree = "<group>"; };
		A46C11DF244ECBE400E78174 /* CollectionCell.swift */ = {isa = PBXFileReference; fileEncoding = 4; lastKnownFileType = sourcecode.swift; path = CollectionCell.swift; sourceTree = "<group>"; };
		A46C11F0244ECDB300E78174 /* ItemTableController.swift */ = {isa = PBXFileReference; fileEncoding = 4; lastKnownFileType = sourcecode.swift; path = ItemTableController.swift; sourceTree = "<group>"; };
		A46C11F1244ECDB300E78174 /* AddItemController.swift */ = {isa = PBXFileReference; fileEncoding = 4; lastKnownFileType = sourcecode.swift; path = AddItemController.swift; sourceTree = "<group>"; };
		A46C11F3244ECDB300E78174 /* ItemCell.swift */ = {isa = PBXFileReference; fileEncoding = 4; lastKnownFileType = sourcecode.swift; path = ItemCell.swift; sourceTree = "<group>"; };
		A478E95024559AD6003F32B9 /* AlertService.swift */ = {isa = PBXFileReference; fileEncoding = 4; lastKnownFileType = sourcecode.swift; path = AlertService.swift; sourceTree = "<group>"; };
/* End PBXFileReference section */

/* Begin PBXFrameworksBuildPhase section */
		A454D8A3244C53CE003EFF28 /* Frameworks */ = {
			isa = PBXFrameworksBuildPhase;
			buildActionMask = 2147483647;
			files = (
				9AFDF8BC8103F41E6CB63C26 /* Pods_Collections.framework in Frameworks */,
			);
			runOnlyForDeploymentPostprocessing = 0;
		};
/* End PBXFrameworksBuildPhase section */

/* Begin PBXGroup section */
		A3AE248600AFF345A984755E /* Frameworks */ = {
			isa = PBXGroup;
			children = (
				5DBF61CC394D2BA5A330A056 /* Pods_Collections.framework */,
			);
			name = Frameworks;
			sourceTree = "<group>";
		};
		A454D89D244C53CE003EFF28 = {
			isa = PBXGroup;
			children = (
				A454D8A8244C53CE003EFF28 /* Collections */,
				A454D8A7244C53CE003EFF28 /* Products */,
				D6C82070BBD5CAB05B56E92A /* Pods */,
				A3AE248600AFF345A984755E /* Frameworks */,
			);
			sourceTree = "<group>";
		};
		A454D8A7244C53CE003EFF28 /* Products */ = {
			isa = PBXGroup;
			children = (
				A454D8A6244C53CE003EFF28 /* Collections.app */,
			);
			name = Products;
			sourceTree = "<group>";
		};
		A454D8A8244C53CE003EFF28 /* Collections */ = {
			isa = PBXGroup;
			children = (
				A454D8A9244C53CE003EFF28 /* AppDelegate.swift */,
				A454D8DF244C6AF4003EFF28 /* SceneDelegate.swift */,
				A46C11D3244DAAA500E78174 /* Model */,
				A496C9A72476F96B006A6E4E /* View */,
				A496C9A82476F99F006A6E4E /* Controller */,
				A46C11D6244EC8BE00E78174 /* Commons */,
				A454D8AF244C53CE003EFF28 /* Main.storyboard */,
				A454D8B2244C53CE003EFF28 /* Assets.xcassets */,
				A454D8B4244C53CE003EFF28 /* LaunchScreen.storyboard */,
				A454D8B7244C53CE003EFF28 /* Info.plist */,
				A454D8BD244C6929003EFF28 /* GoogleService-Info.plist */,
			);
			path = Collections;
			sourceTree = "<group>";
		};
		A46C11D3244DAAA500E78174 /* Model */ = {
			isa = PBXGroup;
			children = (
				A46C11CF244DAA9D00E78174 /* User.swift */,
				A46C11CD244DAA9D00E78174 /* Collection.swift */,
				A46C11CE244DAA9D00E78174 /* Item.swift */,
			);
			path = Model;
			sourceTree = "<group>";
		};
		A46C11D6244EC8BE00E78174 /* Commons */ = {
			isa = PBXGroup;
			children = (
				A478E95024559AD6003F32B9 /* AlertService.swift */,
				A46C11D9244EC9FE00E78174 /* ItemTableViewDataSource.swift */,
				A46C11DA244EC9FE00E78174 /* LocalCollection.swift */,
				A46C11CB244DA89100E78174 /* CollectionTableViewDataSource.swift */,
				A46C11D4244EC82400E78174 /* Firestore+Populate.swift */,
				A46C11D7244EC95A00E78174 /* Utils.swift */,
			);
			path = Commons;
			sourceTree = "<group>";
		};
		A496C9A72476F96B006A6E4E /* View */ = {
			isa = PBXGroup;
			children = (
				A46C11DF244ECBE400E78174 /* CollectionCell.swift */,
				A46C11F3244ECDB300E78174 /* ItemCell.swift */,
			);
			path = View;
			sourceTree = "<group>";
		};
		A496C9A82476F99F006A6E4E /* Controller */ = {
			isa = PBXGroup;
			children = (
				A46C11F0244ECDB300E78174 /* ItemTableController.swift */,
				A46C11F1244ECDB300E78174 /* AddItemController.swift */,
				A454D8AD244C53CE003EFF28 /* CollectionTableController.swift */,
				A4665BB224596EF800951DC6 /* AddCollectionController.swift */,
				A4665BB324596EF800951DC6 /* EditCollectionController.swift */,
			);
			path = Controller;
			sourceTree = "<group>";
		};
		D6C82070BBD5CAB05B56E92A /* Pods */ = {
			isa = PBXGroup;
			children = (
				50D9134E3ED8574557366377 /* Pods-Collections.debug.xcconfig */,
				651DF9427864673B6D77CD00 /* Pods-Collections.release.xcconfig */,
			);
			path = Pods;
			sourceTree = "<group>";
		};
/* End PBXGroup section */

/* Begin PBXNativeTarget section */
		A454D8A5244C53CE003EFF28 /* Collections */ = {
			isa = PBXNativeTarget;
			buildConfigurationList = A454D8BA244C53CE003EFF28 /* Build configuration list for PBXNativeTarget "Collections" */;
			buildPhases = (
				8AFF6366B832401583C48D08 /* [CP] Check Pods Manifest.lock */,
				A454D8A2244C53CE003EFF28 /* Sources */,
				A454D8A3244C53CE003EFF28 /* Frameworks */,
				A454D8A4244C53CE003EFF28 /* Resources */,
				18435CC78C8B9E277D5DCD5E /* [CP] Embed Pods Frameworks */,
				9C2A79A38B4150CB03160565 /* [CP] Copy Pods Resources */,
			);
			buildRules = (
			);
			dependencies = (
			);
			name = Collections;
			productName = Collections;
			productReference = A454D8A6244C53CE003EFF28 /* Collections.app */;
			productType = "com.apple.product-type.application";
		};
/* End PBXNativeTarget section */

/* Begin PBXProject section */
		A454D89E244C53CE003EFF28 /* Project object */ = {
			isa = PBXProject;
			attributes = {
				LastSwiftUpdateCheck = 1140;
				LastUpgradeCheck = 1140;
				ORGANIZATIONNAME = "Dan Alboteanu";
				TargetAttributes = {
					A454D8A5244C53CE003EFF28 = {
						CreatedOnToolsVersion = 11.4.1;
					};
				};
			};
			buildConfigurationList = A454D8A1244C53CE003EFF28 /* Build configuration list for PBXProject "Collections" */;
			compatibilityVersion = "Xcode 9.3";
			developmentRegion = en;
			hasScannedForEncodings = 0;
			knownRegions = (
				en,
				Base,
			);
			mainGroup = A454D89D244C53CE003EFF28;
			productRefGroup = A454D8A7244C53CE003EFF28 /* Products */;
			projectDirPath = "";
			projectRoot = "";
			targets = (
				A454D8A5244C53CE003EFF28 /* Collections */,
			);
		};
/* End PBXProject section */

/* Begin PBXResourcesBuildPhase section */
		A454D8A4244C53CE003EFF28 /* Resources */ = {
			isa = PBXResourcesBuildPhase;
			buildActionMask = 2147483647;
			files = (
				A454D8B6244C53CE003EFF28 /* LaunchScreen.storyboard in Resources */,
				A454D8BE244C6929003EFF28 /* GoogleService-Info.plist in Resources */,
				A454D8B3244C53CE003EFF28 /* Assets.xcassets in Resources */,
				A454D8B1244C53CE003EFF28 /* Main.storyboard in Resources */,
			);
			runOnlyForDeploymentPostprocessing = 0;
		};
/* End PBXResourcesBuildPhase section */

/* Begin PBXShellScriptBuildPhase section */
		18435CC78C8B9E277D5DCD5E /* [CP] Embed Pods Frameworks */ = {
			isa = PBXShellScriptBuildPhase;
			buildActionMask = 2147483647;
			files = (
			);
			inputFileListPaths = (
				"${PODS_ROOT}/Target Support Files/Pods-Collections/Pods-Collections-frameworks-${CONFIGURATION}-input-files.xcfilelist",
			);
			name = "[CP] Embed Pods Frameworks";
			outputFileListPaths = (
				"${PODS_ROOT}/Target Support Files/Pods-Collections/Pods-Collections-frameworks-${CONFIGURATION}-output-files.xcfilelist",
			);
			runOnlyForDeploymentPostprocessing = 0;
			shellPath = /bin/sh;
			shellScript = "\"${PODS_ROOT}/Target Support Files/Pods-Collections/Pods-Collections-frameworks.sh\"\n";
			showEnvVarsInLog = 0;
		};
		8AFF6366B832401583C48D08 /* [CP] Check Pods Manifest.lock */ = {
			isa = PBXShellScriptBuildPhase;
			buildActionMask = 2147483647;
			files = (
			);
			inputFileListPaths = (
			);
			inputPaths = (
				"${PODS_PODFILE_DIR_PATH}/Podfile.lock",
				"${PODS_ROOT}/Manifest.lock",
			);
			name = "[CP] Check Pods Manifest.lock";
			outputFileListPaths = (
			);
			outputPaths = (
				"$(DERIVED_FILE_DIR)/Pods-Collections-checkManifestLockResult.txt",
			);
			runOnlyForDeploymentPostprocessing = 0;
			shellPath = /bin/sh;
			shellScript = "diff \"${PODS_PODFILE_DIR_PATH}/Podfile.lock\" \"${PODS_ROOT}/Manifest.lock\" > /dev/null\nif [ $? != 0 ] ; then\n    # print error to STDERR\n    echo \"error: The sandbox is not in sync with the Podfile.lock. Run 'pod install' or update your CocoaPods installation.\" >&2\n    exit 1\nfi\n# This output is used by Xcode 'outputs' to avoid re-running this script phase.\necho \"SUCCESS\" > \"${SCRIPT_OUTPUT_FILE_0}\"\n";
			showEnvVarsInLog = 0;
		};
		9C2A79A38B4150CB03160565 /* [CP] Copy Pods Resources */ = {
			isa = PBXShellScriptBuildPhase;
			buildActionMask = 2147483647;
			files = (
			);
			inputFileListPaths = (
				"${PODS_ROOT}/Target Support Files/Pods-Collections/Pods-Collections-resources-${CONFIGURATION}-input-files.xcfilelist",
			);
			name = "[CP] Copy Pods Resources";
			outputFileListPaths = (
				"${PODS_ROOT}/Target Support Files/Pods-Collections/Pods-Collections-resources-${CONFIGURATION}-output-files.xcfilelist",
			);
			runOnlyForDeploymentPostprocessing = 0;
			shellPath = /bin/sh;
			shellScript = "\"${PODS_ROOT}/Target Support Files/Pods-Collections/Pods-Collections-resources.sh\"\n";
			showEnvVarsInLog = 0;
		};
/* End PBXShellScriptBuildPhase section */

/* Begin PBXSourcesBuildPhase section */
		A454D8A2244C53CE003EFF28 /* Sources */ = {
			isa = PBXSourcesBuildPhase;
			buildActionMask = 2147483647;
			files = (
				A46C11CC244DA89100E78174 /* CollectionTableViewDataSource.swift in Sources */,
				A4665BB524596EF800951DC6 /* EditCollectionController.swift in Sources */,
				A46C11D0244DAA9D00E78174 /* Collection.swift in Sources */,
				A46C11D8244EC95A00E78174 /* Utils.swift in Sources */,
				A46C11DB244EC9FE00E78174 /* ItemTableViewDataSource.swift in Sources */,
				A454D8AE244C53CE003EFF28 /* CollectionTableController.swift in Sources */,
				A46C11D5244EC82400E78174 /* Firestore+Populate.swift in Sources */,
				A454D8AA244C53CE003EFF28 /* AppDelegate.swift in Sources */,
				A46C11D1244DAA9D00E78174 /* Item.swift in Sources */,
				A46C11F5244ECDB300E78174 /* ItemTableController.swift in Sources */,
				A46C11F6244ECDB300E78174 /* AddItemController.swift in Sources */,
				A478E95124559AD6003F32B9 /* AlertService.swift in Sources */,
				A46C11DC244EC9FE00E78174 /* LocalCollection.swift in Sources */,
				A46C11F8244ECDB300E78174 /* ItemCell.swift in Sources */,
				A4665BB424596EF800951DC6 /* AddCollectionController.swift in Sources */,
				A454D8E0244C6AF4003EFF28 /* SceneDelegate.swift in Sources */,
				A46C11E1244ECBE400E78174 /* CollectionCell.swift in Sources */,
				A46C11D2244DAA9D00E78174 /* User.swift in Sources */,
			);
			runOnlyForDeploymentPostprocessing = 0;
		};
/* End PBXSourcesBuildPhase section */

/* Begin PBXVariantGroup section */
		A454D8AF244C53CE003EFF28 /* Main.storyboard */ = {
			isa = PBXVariantGroup;
			children = (
				A454D8B0244C53CE003EFF28 /* Base */,
			);
			name = Main.storyboard;
			sourceTree = "<group>";
		};
		A454D8B4244C53CE003EFF28 /* LaunchScreen.storyboard */ = {
			isa = PBXVariantGroup;
			children = (
				A454D8B5244C53CE003EFF28 /* Base */,
			);
			name = LaunchScreen.storyboard;
			sourceTree = "<group>";
		};
/* End PBXVariantGroup section */

/* Begin XCBuildConfiguration section */
		A454D8B8244C53CE003EFF28 /* Debug */ = {
			isa = XCBuildConfiguration;
			buildSettings = {
				ALWAYS_SEARCH_USER_PATHS = NO;
				CLANG_ANALYZER_NONNULL = YES;
				CLANG_ANALYZER_NUMBER_OBJECT_CONVERSION = YES_AGGRESSIVE;
				CLANG_CXX_LANGUAGE_STANDARD = "gnu++14";
				CLANG_CXX_LIBRARY = "libc++";
				CLANG_ENABLE_MODULES = YES;
				CLANG_ENABLE_OBJC_ARC = YES;
				CLANG_ENABLE_OBJC_WEAK = YES;
				CLANG_WARN_BLOCK_CAPTURE_AUTORELEASING = YES;
				CLANG_WARN_BOOL_CONVERSION = YES;
				CLANG_WARN_COMMA = YES;
				CLANG_WARN_CONSTANT_CONVERSION = YES;
				CLANG_WARN_DEPRECATED_OBJC_IMPLEMENTATIONS = YES;
				CLANG_WARN_DIRECT_OBJC_ISA_USAGE = YES_ERROR;
				CLANG_WARN_DOCUMENTATION_COMMENTS = YES;
				CLANG_WARN_EMPTY_BODY = YES;
				CLANG_WARN_ENUM_CONVERSION = YES;
				CLANG_WARN_INFINITE_RECURSION = YES;
				CLANG_WARN_INT_CONVERSION = YES;
				CLANG_WARN_NON_LITERAL_NULL_CONVERSION = YES;
				CLANG_WARN_OBJC_IMPLICIT_RETAIN_SELF = YES;
				CLANG_WARN_OBJC_LITERAL_CONVERSION = YES;
				CLANG_WARN_OBJC_ROOT_CLASS = YES_ERROR;
				CLANG_WARN_RANGE_LOOP_ANALYSIS = YES;
				CLANG_WARN_STRICT_PROTOTYPES = YES;
				CLANG_WARN_SUSPICIOUS_MOVE = YES;
				CLANG_WARN_UNGUARDED_AVAILABILITY = YES_AGGRESSIVE;
				CLANG_WARN_UNREACHABLE_CODE = YES;
				CLANG_WARN__DUPLICATE_METHOD_MATCH = YES;
				COPY_PHASE_STRIP = NO;
				DEBUG_INFORMATION_FORMAT = dwarf;
				ENABLE_STRICT_OBJC_MSGSEND = YES;
				ENABLE_TESTABILITY = YES;
				GCC_C_LANGUAGE_STANDARD = gnu11;
				GCC_DYNAMIC_NO_PIC = NO;
				GCC_NO_COMMON_BLOCKS = YES;
				GCC_OPTIMIZATION_LEVEL = 0;
				GCC_PREPROCESSOR_DEFINITIONS = (
					"DEBUG=1",
					"$(inherited)",
				);
				GCC_WARN_64_TO_32_BIT_CONVERSION = YES;
				GCC_WARN_ABOUT_RETURN_TYPE = YES_ERROR;
				GCC_WARN_UNDECLARED_SELECTOR = YES;
				GCC_WARN_UNINITIALIZED_AUTOS = YES_AGGRESSIVE;
				GCC_WARN_UNUSED_FUNCTION = YES;
				GCC_WARN_UNUSED_VARIABLE = YES;
				IPHONEOS_DEPLOYMENT_TARGET = 13.4;
				MTL_ENABLE_DEBUG_INFO = INCLUDE_SOURCE;
				MTL_FAST_MATH = YES;
				ONLY_ACTIVE_ARCH = YES;
				SDKROOT = iphoneos;
				SWIFT_ACTIVE_COMPILATION_CONDITIONS = DEBUG;
				SWIFT_OPTIMIZATION_LEVEL = "-Onone";
			};
			name = Debug;
		};
		A454D8B9244C53CE003EFF28 /* Release */ = {
			isa = XCBuildConfiguration;
			buildSettings = {
				ALWAYS_SEARCH_USER_PATHS = NO;
				CLANG_ANALYZER_NONNULL = YES;
				CLANG_ANALYZER_NUMBER_OBJECT_CONVERSION = YES_AGGRESSIVE;
				CLANG_CXX_LANGUAGE_STANDARD = "gnu++14";
				CLANG_CXX_LIBRARY = "libc++";
				CLANG_ENABLE_MODULES = YES;
				CLANG_ENABLE_OBJC_ARC = YES;
				CLANG_ENABLE_OBJC_WEAK = YES;
				CLANG_WARN_BLOCK_CAPTURE_AUTORELEASING = YES;
				CLANG_WARN_BOOL_CONVERSION = YES;
				CLANG_WARN_COMMA = YES;
				CLANG_WARN_CONSTANT_CONVERSION = YES;
				CLANG_WARN_DEPRECATED_OBJC_IMPLEMENTATIONS = YES;
				CLANG_WARN_DIRECT_OBJC_ISA_USAGE = YES_ERROR;
				CLANG_WARN_DOCUMENTATION_COMMENTS = YES;
				CLANG_WARN_EMPTY_BODY = YES;
				CLANG_WARN_ENUM_CONVERSION = YES;
				CLANG_WARN_INFINITE_RECURSION = YES;
				CLANG_WARN_INT_CONVERSION = YES;
				CLANG_WARN_NON_LITERAL_NULL_CONVERSION = YES;
				CLANG_WARN_OBJC_IMPLICIT_RETAIN_SELF = YES;
				CLANG_WARN_OBJC_LITERAL_CONVERSION = YES;
				CLANG_WARN_OBJC_ROOT_CLASS = YES_ERROR;
				CLANG_WARN_RANGE_LOOP_ANALYSIS = YES;
				CLANG_WARN_STRICT_PROTOTYPES = YES;
				CLANG_WARN_SUSPICIOUS_MOVE = YES;
				CLANG_WARN_UNGUARDED_AVAILABILITY = YES_AGGRESSIVE;
				CLANG_WARN_UNREACHABLE_CODE = YES;
				CLANG_WARN__DUPLICATE_METHOD_MATCH = YES;
				COPY_PHASE_STRIP = NO;
				DEBUG_INFORMATION_FORMAT = "dwarf-with-dsym";
				ENABLE_NS_ASSERTIONS = NO;
				ENABLE_STRICT_OBJC_MSGSEND = YES;
				GCC_C_LANGUAGE_STANDARD = gnu11;
				GCC_NO_COMMON_BLOCKS = YES;
				GCC_WARN_64_TO_32_BIT_CONVERSION = YES;
				GCC_WARN_ABOUT_RETURN_TYPE = YES_ERROR;
				GCC_WARN_UNDECLARED_SELECTOR = YES;
				GCC_WARN_UNINITIALIZED_AUTOS = YES_AGGRESSIVE;
				GCC_WARN_UNUSED_FUNCTION = YES;
				GCC_WARN_UNUSED_VARIABLE = YES;
				IPHONEOS_DEPLOYMENT_TARGET = 13.4;
				MTL_ENABLE_DEBUG_INFO = NO;
				MTL_FAST_MATH = YES;
				SDKROOT = iphoneos;
				SWIFT_COMPILATION_MODE = wholemodule;
				SWIFT_OPTIMIZATION_LEVEL = "-O";
				VALIDATE_PRODUCT = YES;
			};
			name = Release;
		};
		A454D8BB244C53CE003EFF28 /* Debug */ = {
			isa = XCBuildConfiguration;
			baseConfigurationReference = 50D9134E3ED8574557366377 /* Pods-Collections.debug.xcconfig */;
			buildSettings = {
				ASSETCATALOG_COMPILER_APPICON_NAME = AppIcon;
				CODE_SIGN_STYLE = Automatic;
				DEVELOPMENT_TEAM = KF7QVMJ987;
				INFOPLIST_FILE = Collections/Info.plist;
				LD_RUNPATH_SEARCH_PATHS = (
					"$(inherited)",
					"@executable_path/Frameworks",
				);
				PRODUCT_BUNDLE_IDENTIFIER = com.craiovadata.ios.Collections;
				PRODUCT_NAME = "$(TARGET_NAME)";
				SWIFT_VERSION = 5.0;
				TARGETED_DEVICE_FAMILY = "1,2";
			};
			name = Debug;
		};
		A454D8BC244C53CE003EFF28 /* Release */ = {
			isa = XCBuildConfiguration;
			baseConfigurationReference = 651DF9427864673B6D77CD00 /* Pods-Collections.release.xcconfig */;
			buildSettings = {
				ASSETCATALOG_COMPILER_APPICON_NAME = AppIcon;
				CODE_SIGN_STYLE = Automatic;
				DEVELOPMENT_TEAM = KF7QVMJ987;
				INFOPLIST_FILE = Collections/Info.plist;
				LD_RUNPATH_SEARCH_PATHS = (
					"$(inherited)",
					"@executable_path/Frameworks",
				);
				PRODUCT_BUNDLE_IDENTIFIER = com.craiovadata.ios.Collections;
				PRODUCT_NAME = "$(TARGET_NAME)";
				SWIFT_VERSION = 5.0;
				TARGETED_DEVICE_FAMILY = "1,2";
			};
			name = Release;
		};
/* End XCBuildConfiguration section */

/* Begin XCConfigurationList section */
		A454D8A1244C53CE003EFF28 /* Build configuration list for PBXProject "Collections" */ = {
			isa = XCConfigurationList;
			buildConfigurations = (
				A454D8B8244C53CE003EFF28 /* Debug */,
				A454D8B9244C53CE003EFF28 /* Release */,
			);
			defaultConfigurationIsVisible = 0;
			defaultConfigurationName = Release;
		};
		A454D8BA244C53CE003EFF28 /* Build configuration list for PBXNativeTarget "Collections" */ = {
			isa = XCConfigurationList;
			buildConfigurations = (
				A454D8BB244C53CE003EFF28 /* Debug */,
				A454D8BC244C53CE003EFF28 /* Release */,
			);
			defaultConfigurationIsVisible = 0;
			defaultConfigurationName = Release;
		};
/* End XCConfigurationList section */
	};
	rootObject = A454D89E244C53CE003EFF28 /* Project object */;
}
